
Microsoft Visual Studio Solution File, Format Version 12.00
# Visual Studio Version 17
VisualStudioVersion = 17.4.33205.214
MinimumVisualStudioVersion = 10.0.40219.1
Project("{FAE04EC0-301F-11D3-BF4B-00C04F79EFBC}") = "LeagueSettings", "LeagueSettings\LeagueSettings.csproj", "{0725BBF8-813A-43D0-81C6-649365945880}"
EndProject
Global
	GlobalSection(SolutionConfigurationPlatforms) = preSolution
		Debug|Any CPU = Debug|Any CPU
		Release|Any CPU = Release|Any CPU
	EndGlobalSection
	GlobalSection(ProjectConfigurationPlatforms) = postSolution
		{0725BBF8-813A-43D0-81C6-649365945880}.Debug|Any CPU.ActiveCfg = Debug|Any CPU
		{0725BBF8-813A-43D0-81C6-649365945880}.Debug|Any CPU.Build.0 = Debug|Any CPU
		{0725BBF8-813A-43D0-81C6-649365945880}.Release|Any CPU.ActiveCfg = Release|Any CPU
		{0725BBF8-813A-43D0-81C6-649365945880}.Release|Any CPU.Build.0 = Release|Any CPU
	EndGlobalSection
	GlobalSection(SolutionProperties) = preSolution
		HideSolutionNode = FALSE
	EndGlobalSection
	GlobalSection(ExtensibilityGlobals) = postSolution
		SolutionGuid = {EE906DD3-8EF2-46FF-8CED-C2A42784C9F2}
	EndGlobalSection
EndGlobal
